
Microsoft Visual Studio Solution File, Format Version 12.00
# Visual Studio Version 17
VisualStudioVersion = 17.5.33516.290
MinimumVisualStudioVersion = 10.0.40219.1
Project("{FAE04EC0-301F-11D3-BF4B-00C04F79EFBC}") = "TrainStationProject", "TrainStationProject\TrainStationProject.csproj", "{A40A5424-1B05-45D8-9FBA-5B3FA6A3F90C}"
EndProject
Global
	GlobalSection(SolutionConfigurationPlatforms) = preSolution
		Debug|Any CPU = Debug|Any CPU
		Release|Any CPU = Release|Any CPU
	EndGlobalSection
	GlobalSection(ProjectConfigurationPlatforms) = postSolution
		{A40A5424-1B05-45D8-9FBA-5B3FA6A3F90C}.Debug|Any CPU.ActiveCfg = Debug|Any CPU
		{A40A5424-1B05-45D8-9FBA-5B3FA6A3F90C}.Debug|Any CPU.Build.0 = Debug|Any CPU
		{A40A5424-1B05-45D8-9FBA-5B3FA6A3F90C}.Release|Any CPU.ActiveCfg = Release|Any CPU
		{A40A5424-1B05-45D8-9FBA-5B3FA6A3F90C}.Release|Any CPU.Build.0 = Release|Any CPU
	EndGlobalSection
	GlobalSection(SolutionProperties) = preSolution
		HideSolutionNode = FALSE
	EndGlobalSection
	GlobalSection(ExtensibilityGlobals) = postSolution
		SolutionGuid = {81D7CA34-A05C-4CD9-960E-D46EA3FEDC90}
	EndGlobalSection
EndGlobal
